
Microsoft Visual Studio Solution File, Format Version 12.00
# Visual Studio 14
VisualStudioVersion = 14.0.24720.0
MinimumVisualStudioVersion = 10.0.40219.1
Project("{FAE04EC0-301F-11D3-BF4B-00C04F79EFBC}") = "Anything[wpf_main]", "Anything[wpf_main]\Anything[wpf_main].csproj", "{D1F5EBD7-03F0-4572-9924-D2C45F9FF7BC}"
EndProject
Global
	GlobalSection(SolutionConfigurationPlatforms) = preSolution
		Debug|Any CPU = Debug|Any CPU
		Release|Any CPU = Release|Any CPU
	EndGlobalSection
	GlobalSection(ProjectConfigurationPlatforms) = postSolution
		{D1F5EBD7-03F0-4572-9924-D2C45F9FF7BC}.Debug|Any CPU.ActiveCfg = Debug|Any CPU
		{D1F5EBD7-03F0-4572-9924-D2C45F9FF7BC}.Debug|Any CPU.Build.0 = Debug|Any CPU
		{D1F5EBD7-03F0-4572-9924-D2C45F9FF7BC}.Release|Any CPU.ActiveCfg = Release|Any CPU
		{D1F5EBD7-03F0-4572-9924-D2C45F9FF7BC}.Release|Any CPU.Build.0 = Release|Any CPU
	EndGlobalSection
	GlobalSection(SolutionProperties) = preSolution
		HideSolutionNode = FALSE
	EndGlobalSection
EndGlobal
